Microsoft Visual Studio Solution File, Format Version 12.00
# Visual Studio Version 17
VisualStudioVersion = 17.5.2.0
MinimumVisualStudioVersion = 10.0.40219.1
Project("{FAE04EC0-301F-11D3-BF4B-00C04F79EFBC}") = "CSharp-Exercises", "CSharp-Exercises\CSharp-Exercises.csproj", "{8B3928C0-B66C-BF56-BCAC-0DA4EB3B1A33}"
EndProject
Global
	GlobalSection(SolutionConfigurationPlatforms) = preSolution
		Debug|Any CPU = Debug|Any CPU
		Release|Any CPU = Release|Any CPU
	EndGlobalSection
	GlobalSection(ProjectConfigurationPlatforms) = postSolution
		{8B3928C0-B66C-BF56-BCAC-0DA4EB3B1A33}.Debug|Any CPU.ActiveCfg = Debug|Any CPU
		{8B3928C0-B66C-BF56-BCAC-0DA4EB3B1A33}.Debug|Any CPU.Build.0 = Debug|Any CPU
		{8B3928C0-B66C-BF56-BCAC-0DA4EB3B1A33}.Release|Any CPU.ActiveCfg = Release|Any CPU
		{8B3928C0-B66C-BF56-BCAC-0DA4EB3B1A33}.Release|Any CPU.Build.0 = Release|Any CPU
	EndGlobalSection
	GlobalSection(SolutionProperties) = preSolution
		HideSolutionNode = FALSE
	EndGlobalSection
	GlobalSection(ExtensibilityGlobals) = postSolution
		SolutionGuid = {DD7BD479-AE97-4C8A-AA42-1C26D943AE4A}
	EndGlobalSection
EndGlobal
